
Microsoft Visual Studio Solution File, Format Version 12.00
# Visual Studio Version 16
VisualStudioVersion = 16.0.30717.126
MinimumVisualStudioVersion = 10.0.40219.1
Project("{FAE04EC0-301F-11D3-BF4B-00C04F79EFBC}") = "RatujLudzi", "RatujLudzi\RatujLudzi.csproj", "{0D6CFE63-28C2-40C5-9431-43177A4C35D6}"
EndProject
Global
	GlobalSection(SolutionConfigurationPlatforms) = preSolution
		Debug|Any CPU = Debug|Any CPU
		Release|Any CPU = Release|Any CPU
	EndGlobalSection
	GlobalSection(ProjectConfigurationPlatforms) = postSolution
		{0D6CFE63-28C2-40C5-9431-43177A4C35D6}.Debug|Any CPU.ActiveCfg = Debug|Any CPU
		{0D6CFE63-28C2-40C5-9431-43177A4C35D6}.Debug|Any CPU.Build.0 = Debug|Any CPU
		{0D6CFE63-28C2-40C5-9431-43177A4C35D6}.Release|Any CPU.ActiveCfg = Release|Any CPU
		{0D6CFE63-28C2-40C5-9431-43177A4C35D6}.Release|Any CPU.Build.0 = Release|Any CPU
	EndGlobalSection
	GlobalSection(SolutionProperties) = preSolution
		HideSolutionNode = FALSE
	EndGlobalSection
	GlobalSection(ExtensibilityGlobals) = postSolution
		SolutionGuid = {E75D0514-6CDC-4BED-A95D-A268DADEAC42}
	EndGlobalSection
EndGlobal
