
Microsoft Visual Studio Solution File, Format Version 12.00
# Visual Studio Version 16
VisualStudioVersion = 16.0.30717.126
MinimumVisualStudioVersion = 10.0.40219.1
Project("{9A19103F-16F7-4668-BE54-9A1E7A4F7556}") = "cw3", "cw3\cw3.csproj", "{05E05F81-1468-469F-9123-22BC67F230D2}"
EndProject
Project("{9A19103F-16F7-4668-BE54-9A1E7A4F7556}") = "ifelse", "basen\ifelse.csproj", "{51F2F93D-488D-4292-A509-4046A82BD7A4}"
EndProject
Project("{FAE04EC0-301F-11D3-BF4B-00C04F79EFBC}") = "basentest", "basentest\basentest.csproj", "{97301357-9377-4982-9CC8-BC214EF21A8A}"
EndProject
Project("{FAE04EC0-301F-11D3-BF4B-00C04F79EFBC}") = "ifelseKlasycznaApkWindows", "ifelseKlasycznaApkWindows\ifelseKlasycznaApkWindows.csproj", "{F360F00A-DAA0-4067-8FBA-4862B7242BE4}"
EndProject
Global
	GlobalSection(SolutionConfigurationPlatforms) = preSolution
		Debug|Any CPU = Debug|Any CPU
		Release|Any CPU = Release|Any CPU
	EndGlobalSection
	GlobalSection(ProjectConfigurationPlatforms) = postSolution
		{05E05F81-1468-469F-9123-22BC67F230D2}.Debug|Any CPU.ActiveCfg = Debug|Any CPU
		{05E05F81-1468-469F-9123-22BC67F230D2}.Debug|Any CPU.Build.0 = Debug|Any CPU
		{05E05F81-1468-469F-9123-22BC67F230D2}.Release|Any CPU.ActiveCfg = Release|Any CPU
		{05E05F81-1468-469F-9123-22BC67F230D2}.Release|Any CPU.Build.0 = Release|Any CPU
		{51F2F93D-488D-4292-A509-4046A82BD7A4}.Debug|Any CPU.ActiveCfg = Debug|Any CPU
		{51F2F93D-488D-4292-A509-4046A82BD7A4}.Debug|Any CPU.Build.0 = Debug|Any CPU
		{51F2F93D-488D-4292-A509-4046A82BD7A4}.Release|Any CPU.ActiveCfg = Release|Any CPU
		{51F2F93D-488D-4292-A509-4046A82BD7A4}.Release|Any CPU.Build.0 = Release|Any CPU
		{97301357-9377-4982-9CC8-BC214EF21A8A}.Debug|Any CPU.ActiveCfg = Debug|Any CPU
		{97301357-9377-4982-9CC8-BC214EF21A8A}.Debug|Any CPU.Build.0 = Debug|Any CPU
		{97301357-9377-4982-9CC8-BC214EF21A8A}.Release|Any CPU.ActiveCfg = Release|Any CPU
		{97301357-9377-4982-9CC8-BC214EF21A8A}.Release|Any CPU.Build.0 = Release|Any CPU
		{F360F00A-DAA0-4067-8FBA-4862B7242BE4}.Debug|Any CPU.ActiveCfg = Debug|Any CPU
		{F360F00A-DAA0-4067-8FBA-4862B7242BE4}.Debug|Any CPU.Build.0 = Debug|Any CPU
		{F360F00A-DAA0-4067-8FBA-4862B7242BE4}.Release|Any CPU.ActiveCfg = Release|Any CPU
		{F360F00A-DAA0-4067-8FBA-4862B7242BE4}.Release|Any CPU.Build.0 = Release|Any CPU
	EndGlobalSection
	GlobalSection(SolutionProperties) = preSolution
		HideSolutionNode = FALSE
	EndGlobalSection
	GlobalSection(ExtensibilityGlobals) = postSolution
		SolutionGuid = {041C8260-BBE4-47C1-838D-A32F7432F298}
	EndGlobalSection
EndGlobal
