
Microsoft Visual Studio Solution File, Format Version 12.00
# Visual Studio Version 16
VisualStudioVersion = 16.0.30717.126
MinimumVisualStudioVersion = 10.0.40219.1
Project("{FAE04EC0-301F-11D3-BF4B-00C04F79EFBC}") = "PasswordManagerLib", "PasswordManager\PasswordManagerLib.csproj", "{522EB18C-83B9-4BDE-B4B9-B44BDFD2C055}"
EndProject
Project("{FAE04EC0-301F-11D3-BF4B-00C04F79EFBC}") = "PasswordManagerWinForms", "GUI\PasswordManagerWinForms.csproj", "{EA04A9F3-6218-4691-A58C-018D66461087}"
EndProject
Project("{9A19103F-16F7-4668-BE54-9A1E7A4F7556}") = "PasswordManagerConsoleApp", "CLI\PasswordManagerConsoleApp.csproj", "{BEE83E8D-0833-4817-A330-2EA99B0FAD4D}"
EndProject
Project("{FAE04EC0-301F-11D3-BF4B-00C04F79EFBC}") = "PasswordManagerTests", "PasswordManagerTests\PasswordManagerTests.csproj", "{400BBCE2-2325-4873-8FEB-C3136DCC1699}"
EndProject
Global
	GlobalSection(SolutionConfigurationPlatforms) = preSolution
		Debug|Any CPU = Debug|Any CPU
		Release|Any CPU = Release|Any CPU
	EndGlobalSection
	GlobalSection(ProjectConfigurationPlatforms) = postSolution
		{522EB18C-83B9-4BDE-B4B9-B44BDFD2C055}.Debug|Any CPU.ActiveCfg = Debug|Any CPU
		{522EB18C-83B9-4BDE-B4B9-B44BDFD2C055}.Debug|Any CPU.Build.0 = Debug|Any CPU
		{522EB18C-83B9-4BDE-B4B9-B44BDFD2C055}.Release|Any CPU.ActiveCfg = Release|Any CPU
		{522EB18C-83B9-4BDE-B4B9-B44BDFD2C055}.Release|Any CPU.Build.0 = Release|Any CPU
		{EA04A9F3-6218-4691-A58C-018D66461087}.Debug|Any CPU.ActiveCfg = Debug|Any CPU
		{EA04A9F3-6218-4691-A58C-018D66461087}.Debug|Any CPU.Build.0 = Debug|Any CPU
		{EA04A9F3-6218-4691-A58C-018D66461087}.Release|Any CPU.ActiveCfg = Release|Any CPU
		{EA04A9F3-6218-4691-A58C-018D66461087}.Release|Any CPU.Build.0 = Release|Any CPU
		{BEE83E8D-0833-4817-A330-2EA99B0FAD4D}.Debug|Any CPU.ActiveCfg = Debug|Any CPU
		{BEE83E8D-0833-4817-A330-2EA99B0FAD4D}.Debug|Any CPU.Build.0 = Debug|Any CPU
		{BEE83E8D-0833-4817-A330-2EA99B0FAD4D}.Release|Any CPU.ActiveCfg = Release|Any CPU
		{BEE83E8D-0833-4817-A330-2EA99B0FAD4D}.Release|Any CPU.Build.0 = Release|Any CPU
		{400BBCE2-2325-4873-8FEB-C3136DCC1699}.Debug|Any CPU.ActiveCfg = Debug|Any CPU
		{400BBCE2-2325-4873-8FEB-C3136DCC1699}.Debug|Any CPU.Build.0 = Debug|Any CPU
		{400BBCE2-2325-4873-8FEB-C3136DCC1699}.Release|Any CPU.ActiveCfg = Release|Any CPU
		{400BBCE2-2325-4873-8FEB-C3136DCC1699}.Release|Any CPU.Build.0 = Release|Any CPU
	EndGlobalSection
	GlobalSection(SolutionProperties) = preSolution
		HideSolutionNode = FALSE
	EndGlobalSection
	GlobalSection(ExtensibilityGlobals) = postSolution
		SolutionGuid = {3BDEEE19-09F3-4A5F-ACE4-6FF1281AA532}
	EndGlobalSection
EndGlobal
