
Microsoft Visual Studio Solution File, Format Version 12.00
# Visual Studio Version 16
VisualStudioVersion = 16.0.30717.126
MinimumVisualStudioVersion = 10.0.40219.1
Project("{FAE04EC0-301F-11D3-BF4B-00C04F79EFBC}") = "tlo", "ResztaCwiczen\tlo.csproj", "{52333680-61AA-4C09-A36A-369F965898F1}"
EndProject
Project("{FAE04EC0-301F-11D3-BF4B-00C04F79EFBC}") = "klasaprostyprogram", "klasaprostyprogram\klasaprostyprogram.csproj", "{B1E4ADEF-CF1B-4C1E-957D-27D933AA1910}"
EndProject
Project("{FAE04EC0-301F-11D3-BF4B-00C04F79EFBC}") = "klasaGuy", "klasaGuy\klasaGuy.csproj", "{BF8E86CE-1F13-4671-9E92-CDED808F2135}"
EndProject
Project("{FAE04EC0-301F-11D3-BF4B-00C04F79EFBC}") = "kalkulator", "kalkulator\kalkulator.csproj", "{25FCF0FC-CF63-482D-B7DF-4D8F42223ECA}"
EndProject
Project("{FAE04EC0-301F-11D3-BF4B-00C04F79EFBC}") = "Elephant", "Elephant\Elephant.csproj", "{6CE9AE70-B434-44D2-A1C0-FFD54FE89690}"
EndProject
Project("{FAE04EC0-301F-11D3-BF4B-00C04F79EFBC}") = "BarNiechlujnyJaneks207", "BarNiechlujnyJaneks207\BarNiechlujnyJaneks207.csproj", "{E1DDF800-020B-413E-858D-9FD61D2AEB7D}"
EndProject
Project("{FAE04EC0-301F-11D3-BF4B-00C04F79EFBC}") = "Litery", "Litery\Litery.csproj", "{AAEC68A7-DB69-43B9-8ABB-0C85EA2FC522}"
EndProject
Project("{FAE04EC0-301F-11D3-BF4B-00C04F79EFBC}") = "Kontrolki s219", "Kontrolki\Kontrolki s219.csproj", "{41B0373A-EC63-41A0-8765-AB585244F3F3}"
EndProject
Project("{FAE04EC0-301F-11D3-BF4B-00C04F79EFBC}") = "DzienNaWyscigach", "DzienNaWyscigach\DzienNaWyscigach.csproj", "{F8923E15-496C-4B0D-83DA-2A65E4E1E266}"
EndProject
Project("{FAE04EC0-301F-11D3-BF4B-00C04F79EFBC}") = "PlanistaPrzyjec", "PlanistaPrzyjec\PlanistaPrzyjec.csproj", "{10A1BFB0-3C6D-45A7-8870-94EBE334192F}"
EndProject
Project("{FAE04EC0-301F-11D3-BF4B-00C04F79EFBC}") = "KalkulatorKrow", "KalkulatorKrow\KalkulatorKrow.csproj", "{FD068A96-A035-42FE-B0A3-578602CE20B4}"
EndProject
Project("{FAE04EC0-301F-11D3-BF4B-00C04F79EFBC}") = "PlanistaPrzyjec2.0", "PlanistaPrzyjec2.0\PlanistaPrzyjec2.0.csproj", "{5E847AA2-7FBE-4421-B089-001101F225CF}"
EndProject
Project("{9A19103F-16F7-4668-BE54-9A1E7A4F7556}") = "Zlodziej", "Zlodziej\Zlodziej.csproj", "{50582965-C849-4D33-87C7-12569A53CA9E}"
EndProject
Project("{FAE04EC0-301F-11D3-BF4B-00C04F79EFBC}") = "SystemZarządzaniaUlem", "SystemZarządzaniaUlem\SystemZarządzaniaUlem.csproj", "{80D4D082-3B99-4383-AA67-7DDF23BA9774}"
EndProject
Project("{9A19103F-16F7-4668-BE54-9A1E7A4F7556}") = "cw3", "cw3\cw3.csproj", "{E9FAE2A6-24F2-4B60-B7B9-817385F031E4}"
EndProject
Project("{FAE04EC0-301F-11D3-BF4B-00C04F79EFBC}") = "ifelseKlasycznaApkWindows", "ifelseKlasycznaApkWindows\ifelseKlasycznaApkWindows.csproj", "{F360F00A-DAA0-4067-8FBA-4862B7242BE4}"
EndProject
Project("{FAE04EC0-301F-11D3-BF4B-00C04F79EFBC}") = "WindowsFormsApp1", "WindowsFormsApp1\WindowsFormsApp1.csproj", "{0D245CBA-A5F8-4232-ADE6-8619DD4EE044}"
EndProject
Project("{9A19103F-16F7-4668-BE54-9A1E7A4F7556}") = "RatujLudzi", "RatujLudzi\RatujLudzi.csproj", "{AD1A239F-1491-42BD-8A75-27AF6FA8A8B2}"
EndProject
Project("{9A19103F-16F7-4668-BE54-9A1E7A4F7556}") = "ifelse", "basen\ifelse.csproj", "{FF2DF642-3DD3-4954-910E-ABCAE77EDCBE}"
EndProject
Project("{9A19103F-16F7-4668-BE54-9A1E7A4F7556}") = "InterfejsyS336", "InterfejsyS336\InterfejsyS336.csproj", "{5F56ED24-8B09-4380-A562-C7EE22D616DB}"
EndProject
Project("{FAE04EC0-301F-11D3-BF4B-00C04F79EFBC}") = "PlanetMission", "PlanetMission\PlanetMission.csproj", "{A4D1C823-5817-42E1-8B39-6881907C33D2}"
EndProject
Project("{9A19103F-16F7-4668-BE54-9A1E7A4F7556}") = "Basen_S365", "Basen_S365\Basen_S365.csproj", "{1F31A3FE-F5AF-43F3-8108-2E3C07CD2CDA}"
EndProject
Project("{FAE04EC0-301F-11D3-BF4B-00C04F79EFBC}") = "ZbudujmyDom", "ZbudujmyDom\ZbudujmyDom.csproj", "{D295AEAD-9328-4B66-86D2-712794E4B590}"
EndProject
Project("{FAE04EC0-301F-11D3-BF4B-00C04F79EFBC}") = "TypyWylicz", "TypyWylicz\TypyWylicz.csproj", "{BC76EE4C-27BB-4152-8F6C-DF9DA95ACFB1}"
EndProject
Global
	GlobalSection(SolutionConfigurationPlatforms) = preSolution
		Debug|Any CPU = Debug|Any CPU
		Release|Any CPU = Release|Any CPU
	EndGlobalSection
	GlobalSection(ProjectConfigurationPlatforms) = postSolution
		{52333680-61AA-4C09-A36A-369F965898F1}.Debug|Any CPU.ActiveCfg = Debug|Any CPU
		{52333680-61AA-4C09-A36A-369F965898F1}.Debug|Any CPU.Build.0 = Debug|Any CPU
		{52333680-61AA-4C09-A36A-369F965898F1}.Release|Any CPU.ActiveCfg = Release|Any CPU
		{52333680-61AA-4C09-A36A-369F965898F1}.Release|Any CPU.Build.0 = Release|Any CPU
		{B1E4ADEF-CF1B-4C1E-957D-27D933AA1910}.Debug|Any CPU.ActiveCfg = Debug|Any CPU
		{B1E4ADEF-CF1B-4C1E-957D-27D933AA1910}.Debug|Any CPU.Build.0 = Debug|Any CPU
		{B1E4ADEF-CF1B-4C1E-957D-27D933AA1910}.Release|Any CPU.ActiveCfg = Release|Any CPU
		{B1E4ADEF-CF1B-4C1E-957D-27D933AA1910}.Release|Any CPU.Build.0 = Release|Any CPU
		{BF8E86CE-1F13-4671-9E92-CDED808F2135}.Debug|Any CPU.ActiveCfg = Debug|Any CPU
		{BF8E86CE-1F13-4671-9E92-CDED808F2135}.Debug|Any CPU.Build.0 = Debug|Any CPU
		{BF8E86CE-1F13-4671-9E92-CDED808F2135}.Release|Any CPU.ActiveCfg = Release|Any CPU
		{BF8E86CE-1F13-4671-9E92-CDED808F2135}.Release|Any CPU.Build.0 = Release|Any CPU
		{25FCF0FC-CF63-482D-B7DF-4D8F42223ECA}.Debug|Any CPU.ActiveCfg = Debug|Any CPU
		{25FCF0FC-CF63-482D-B7DF-4D8F42223ECA}.Debug|Any CPU.Build.0 = Debug|Any CPU
		{25FCF0FC-CF63-482D-B7DF-4D8F42223ECA}.Release|Any CPU.ActiveCfg = Release|Any CPU
		{25FCF0FC-CF63-482D-B7DF-4D8F42223ECA}.Release|Any CPU.Build.0 = Release|Any CPU
		{6CE9AE70-B434-44D2-A1C0-FFD54FE89690}.Debug|Any CPU.ActiveCfg = Debug|Any CPU
		{6CE9AE70-B434-44D2-A1C0-FFD54FE89690}.Debug|Any CPU.Build.0 = Debug|Any CPU
		{6CE9AE70-B434-44D2-A1C0-FFD54FE89690}.Release|Any CPU.ActiveCfg = Release|Any CPU
		{6CE9AE70-B434-44D2-A1C0-FFD54FE89690}.Release|Any CPU.Build.0 = Release|Any CPU
		{E1DDF800-020B-413E-858D-9FD61D2AEB7D}.Debug|Any CPU.ActiveCfg = Debug|Any CPU
		{E1DDF800-020B-413E-858D-9FD61D2AEB7D}.Debug|Any CPU.Build.0 = Debug|Any CPU
		{E1DDF800-020B-413E-858D-9FD61D2AEB7D}.Release|Any CPU.ActiveCfg = Release|Any CPU
		{E1DDF800-020B-413E-858D-9FD61D2AEB7D}.Release|Any CPU.Build.0 = Release|Any CPU
		{AAEC68A7-DB69-43B9-8ABB-0C85EA2FC522}.Debug|Any CPU.ActiveCfg = Debug|Any CPU
		{AAEC68A7-DB69-43B9-8ABB-0C85EA2FC522}.Debug|Any CPU.Build.0 = Debug|Any CPU
		{AAEC68A7-DB69-43B9-8ABB-0C85EA2FC522}.Release|Any CPU.ActiveCfg = Release|Any CPU
		{AAEC68A7-DB69-43B9-8ABB-0C85EA2FC522}.Release|Any CPU.Build.0 = Release|Any CPU
		{41B0373A-EC63-41A0-8765-AB585244F3F3}.Debug|Any CPU.ActiveCfg = Debug|Any CPU
		{41B0373A-EC63-41A0-8765-AB585244F3F3}.Debug|Any CPU.Build.0 = Debug|Any CPU
		{41B0373A-EC63-41A0-8765-AB585244F3F3}.Release|Any CPU.ActiveCfg = Release|Any CPU
		{41B0373A-EC63-41A0-8765-AB585244F3F3}.Release|Any CPU.Build.0 = Release|Any CPU
		{F8923E15-496C-4B0D-83DA-2A65E4E1E266}.Debug|Any CPU.ActiveCfg = Debug|Any CPU
		{F8923E15-496C-4B0D-83DA-2A65E4E1E266}.Debug|Any CPU.Build.0 = Debug|Any CPU
		{F8923E15-496C-4B0D-83DA-2A65E4E1E266}.Release|Any CPU.ActiveCfg = Release|Any CPU
		{F8923E15-496C-4B0D-83DA-2A65E4E1E266}.Release|Any CPU.Build.0 = Release|Any CPU
		{10A1BFB0-3C6D-45A7-8870-94EBE334192F}.Debug|Any CPU.ActiveCfg = Debug|Any CPU
		{10A1BFB0-3C6D-45A7-8870-94EBE334192F}.Debug|Any CPU.Build.0 = Debug|Any CPU
		{10A1BFB0-3C6D-45A7-8870-94EBE334192F}.Release|Any CPU.ActiveCfg = Release|Any CPU
		{10A1BFB0-3C6D-45A7-8870-94EBE334192F}.Release|Any CPU.Build.0 = Release|Any CPU
		{FD068A96-A035-42FE-B0A3-578602CE20B4}.Debug|Any CPU.ActiveCfg = Debug|Any CPU
		{FD068A96-A035-42FE-B0A3-578602CE20B4}.Debug|Any CPU.Build.0 = Debug|Any CPU
		{FD068A96-A035-42FE-B0A3-578602CE20B4}.Release|Any CPU.ActiveCfg = Release|Any CPU
		{FD068A96-A035-42FE-B0A3-578602CE20B4}.Release|Any CPU.Build.0 = Release|Any CPU
		{5E847AA2-7FBE-4421-B089-001101F225CF}.Debug|Any CPU.ActiveCfg = Debug|Any CPU
		{5E847AA2-7FBE-4421-B089-001101F225CF}.Debug|Any CPU.Build.0 = Debug|Any CPU
		{5E847AA2-7FBE-4421-B089-001101F225CF}.Release|Any CPU.ActiveCfg = Release|Any CPU
		{5E847AA2-7FBE-4421-B089-001101F225CF}.Release|Any CPU.Build.0 = Release|Any CPU
		{50582965-C849-4D33-87C7-12569A53CA9E}.Debug|Any CPU.ActiveCfg = Debug|Any CPU
		{50582965-C849-4D33-87C7-12569A53CA9E}.Debug|Any CPU.Build.0 = Debug|Any CPU
		{50582965-C849-4D33-87C7-12569A53CA9E}.Release|Any CPU.ActiveCfg = Release|Any CPU
		{50582965-C849-4D33-87C7-12569A53CA9E}.Release|Any CPU.Build.0 = Release|Any CPU
		{80D4D082-3B99-4383-AA67-7DDF23BA9774}.Debug|Any CPU.ActiveCfg = Debug|Any CPU
		{80D4D082-3B99-4383-AA67-7DDF23BA9774}.Debug|Any CPU.Build.0 = Debug|Any CPU
		{80D4D082-3B99-4383-AA67-7DDF23BA9774}.Release|Any CPU.ActiveCfg = Release|Any CPU
		{80D4D082-3B99-4383-AA67-7DDF23BA9774}.Release|Any CPU.Build.0 = Release|Any CPU
		{E9FAE2A6-24F2-4B60-B7B9-817385F031E4}.Debug|Any CPU.ActiveCfg = Debug|Any CPU
		{E9FAE2A6-24F2-4B60-B7B9-817385F031E4}.Debug|Any CPU.Build.0 = Debug|Any CPU
		{E9FAE2A6-24F2-4B60-B7B9-817385F031E4}.Release|Any CPU.ActiveCfg = Release|Any CPU
		{E9FAE2A6-24F2-4B60-B7B9-817385F031E4}.Release|Any CPU.Build.0 = Release|Any CPU
		{F360F00A-DAA0-4067-8FBA-4862B7242BE4}.Debug|Any CPU.ActiveCfg = Debug|Any CPU
		{F360F00A-DAA0-4067-8FBA-4862B7242BE4}.Debug|Any CPU.Build.0 = Debug|Any CPU
		{F360F00A-DAA0-4067-8FBA-4862B7242BE4}.Release|Any CPU.ActiveCfg = Release|Any CPU
		{F360F00A-DAA0-4067-8FBA-4862B7242BE4}.Release|Any CPU.Build.0 = Release|Any CPU
		{0D245CBA-A5F8-4232-ADE6-8619DD4EE044}.Debug|Any CPU.ActiveCfg = Debug|Any CPU
		{0D245CBA-A5F8-4232-ADE6-8619DD4EE044}.Debug|Any CPU.Build.0 = Debug|Any CPU
		{0D245CBA-A5F8-4232-ADE6-8619DD4EE044}.Release|Any CPU.ActiveCfg = Release|Any CPU
		{0D245CBA-A5F8-4232-ADE6-8619DD4EE044}.Release|Any CPU.Build.0 = Release|Any CPU
		{AD1A239F-1491-42BD-8A75-27AF6FA8A8B2}.Debug|Any CPU.ActiveCfg = Debug|Any CPU
		{AD1A239F-1491-42BD-8A75-27AF6FA8A8B2}.Debug|Any CPU.Build.0 = Debug|Any CPU
		{AD1A239F-1491-42BD-8A75-27AF6FA8A8B2}.Release|Any CPU.ActiveCfg = Release|Any CPU
		{AD1A239F-1491-42BD-8A75-27AF6FA8A8B2}.Release|Any CPU.Build.0 = Release|Any CPU
		{FF2DF642-3DD3-4954-910E-ABCAE77EDCBE}.Debug|Any CPU.ActiveCfg = Debug|Any CPU
		{FF2DF642-3DD3-4954-910E-ABCAE77EDCBE}.Debug|Any CPU.Build.0 = Debug|Any CPU
		{FF2DF642-3DD3-4954-910E-ABCAE77EDCBE}.Release|Any CPU.ActiveCfg = Release|Any CPU
		{FF2DF642-3DD3-4954-910E-ABCAE77EDCBE}.Release|Any CPU.Build.0 = Release|Any CPU
		{5F56ED24-8B09-4380-A562-C7EE22D616DB}.Debug|Any CPU.ActiveCfg = Debug|Any CPU
		{5F56ED24-8B09-4380-A562-C7EE22D616DB}.Debug|Any CPU.Build.0 = Debug|Any CPU
		{5F56ED24-8B09-4380-A562-C7EE22D616DB}.Release|Any CPU.ActiveCfg = Release|Any CPU
		{5F56ED24-8B09-4380-A562-C7EE22D616DB}.Release|Any CPU.Build.0 = Release|Any CPU
		{A4D1C823-5817-42E1-8B39-6881907C33D2}.Debug|Any CPU.ActiveCfg = Debug|Any CPU
		{A4D1C823-5817-42E1-8B39-6881907C33D2}.Debug|Any CPU.Build.0 = Debug|Any CPU
		{A4D1C823-5817-42E1-8B39-6881907C33D2}.Release|Any CPU.ActiveCfg = Release|Any CPU
		{A4D1C823-5817-42E1-8B39-6881907C33D2}.Release|Any CPU.Build.0 = Release|Any CPU
		{1F31A3FE-F5AF-43F3-8108-2E3C07CD2CDA}.Debug|Any CPU.ActiveCfg = Debug|Any CPU
		{1F31A3FE-F5AF-43F3-8108-2E3C07CD2CDA}.Debug|Any CPU.Build.0 = Debug|Any CPU
		{1F31A3FE-F5AF-43F3-8108-2E3C07CD2CDA}.Release|Any CPU.ActiveCfg = Release|Any CPU
		{1F31A3FE-F5AF-43F3-8108-2E3C07CD2CDA}.Release|Any CPU.Build.0 = Release|Any CPU
		{D295AEAD-9328-4B66-86D2-712794E4B590}.Debug|Any CPU.ActiveCfg = Debug|Any CPU
		{D295AEAD-9328-4B66-86D2-712794E4B590}.Debug|Any CPU.Build.0 = Debug|Any CPU
		{D295AEAD-9328-4B66-86D2-712794E4B590}.Release|Any CPU.ActiveCfg = Release|Any CPU
		{D295AEAD-9328-4B66-86D2-712794E4B590}.Release|Any CPU.Build.0 = Release|Any CPU
		{BC76EE4C-27BB-4152-8F6C-DF9DA95ACFB1}.Debug|Any CPU.ActiveCfg = Debug|Any CPU
		{BC76EE4C-27BB-4152-8F6C-DF9DA95ACFB1}.Debug|Any CPU.Build.0 = Debug|Any CPU
		{BC76EE4C-27BB-4152-8F6C-DF9DA95ACFB1}.Release|Any CPU.ActiveCfg = Release|Any CPU
		{BC76EE4C-27BB-4152-8F6C-DF9DA95ACFB1}.Release|Any CPU.Build.0 = Release|Any CPU
	EndGlobalSection
	GlobalSection(SolutionProperties) = preSolution
		HideSolutionNode = FALSE
	EndGlobalSection
	GlobalSection(ExtensibilityGlobals) = postSolution
		SolutionGuid = {7D40ADAB-D270-473B-983E-CD1FFCD4FC0B}
	EndGlobalSection
EndGlobal
