
Microsoft Visual Studio Solution File, Format Version 12.00
# Visual Studio Version 16
VisualStudioVersion = 16.0.30717.126
MinimumVisualStudioVersion = 10.0.40219.1
Project("{FAE04EC0-301F-11D3-BF4B-00C04F79EFBC}") = "tlo", "ResztaCwiczen\tlo.csproj", "{52333680-61AA-4C09-A36A-369F965898F1}"
EndProject
Project("{FAE04EC0-301F-11D3-BF4B-00C04F79EFBC}") = "klasaprostyprogram", "klasaprostyprogram\klasaprostyprogram.csproj", "{B1E4ADEF-CF1B-4C1E-957D-27D933AA1910}"
EndProject
Project("{FAE04EC0-301F-11D3-BF4B-00C04F79EFBC}") = "klasaGuy", "klasaGuy\klasaGuy.csproj", "{BF8E86CE-1F13-4671-9E92-CDED808F2135}"
EndProject
Project("{FAE04EC0-301F-11D3-BF4B-00C04F79EFBC}") = "kalkulator", "kalkulator\kalkulator.csproj", "{25FCF0FC-CF63-482D-B7DF-4D8F42223ECA}"
EndProject
Project("{FAE04EC0-301F-11D3-BF4B-00C04F79EFBC}") = "Elephant", "Elephant\Elephant.csproj", "{6CE9AE70-B434-44D2-A1C0-FFD54FE89690}"
EndProject
Project("{FAE04EC0-301F-11D3-BF4B-00C04F79EFBC}") = "BarNiechlujnyJaneks207", "BarNiechlujnyJaneks207\BarNiechlujnyJaneks207.csproj", "{E1DDF800-020B-413E-858D-9FD61D2AEB7D}"
EndProject
Project("{FAE04EC0-301F-11D3-BF4B-00C04F79EFBC}") = "Litery", "Litery\Litery.csproj", "{AAEC68A7-DB69-43B9-8ABB-0C85EA2FC522}"
EndProject
Project("{FAE04EC0-301F-11D3-BF4B-00C04F79EFBC}") = "Kontrolki s219", "Kontrolki\Kontrolki s219.csproj", "{41B0373A-EC63-41A0-8765-AB585244F3F3}"
EndProject
Project("{FAE04EC0-301F-11D3-BF4B-00C04F79EFBC}") = "DzienNaWyscigach", "DzienNaWyscigach\DzienNaWyscigach.csproj", "{F8923E15-496C-4B0D-83DA-2A65E4E1E266}"
EndProject
Project("{FAE04EC0-301F-11D3-BF4B-00C04F79EFBC}") = "PlanistaPrzyjec", "PlanistaPrzyjec\PlanistaPrzyjec.csproj", "{10A1BFB0-3C6D-45A7-8870-94EBE334192F}"
EndProject
Project("{FAE04EC0-301F-11D3-BF4B-00C04F79EFBC}") = "KalkulatorKrow", "KalkulatorKrow\KalkulatorKrow.csproj", "{FD068A96-A035-42FE-B0A3-578602CE20B4}"
EndProject
Project("{FAE04EC0-301F-11D3-BF4B-00C04F79EFBC}") = "PlanistaPrzyjec2.0", "PlanistaPrzyjec2.0\PlanistaPrzyjec2.0.csproj", "{5E847AA2-7FBE-4421-B089-001101F225CF}"
EndProject
Project("{9A19103F-16F7-4668-BE54-9A1E7A4F7556}") = "Zlodziej", "Zlodziej\Zlodziej.csproj", "{50582965-C849-4D33-87C7-12569A53CA9E}"
EndProject
Project("{FAE04EC0-301F-11D3-BF4B-00C04F79EFBC}") = "SystemZarządzaniaUlem", "SystemZarządzaniaUlem\SystemZarządzaniaUlem.csproj", "{80D4D082-3B99-4383-AA67-7DDF23BA9774}"
EndProject
Project("{9A19103F-16F7-4668-BE54-9A1E7A4F7556}") = "cw3", "cw3\cw3.csproj", "{E9FAE2A6-24F2-4B60-B7B9-817385F031E4}"
EndProject
Project("{FAE04EC0-301F-11D3-BF4B-00C04F79EFBC}") = "ifelseKlasycznaApkWindows", "ifelseKlasycznaApkWindows\ifelseKlasycznaApkWindows.csproj", "{F360F00A-DAA0-4067-8FBA-4862B7242BE4}"
EndProject
Project("{FAE04EC0-301F-11D3-BF4B-00C04F79EFBC}") = "WindowsFormsApp1", "WindowsFormsApp1\WindowsFormsApp1.csproj", "{0D245CBA-A5F8-4232-ADE6-8619DD4EE044}"
EndProject
Project("{9A19103F-16F7-4668-BE54-9A1E7A4F7556}") = "RatujLudzi", "RatujLudzi\RatujLudzi.csproj", "{AD1A239F-1491-42BD-8A75-27AF6FA8A8B2}"
EndProject
Project("{9A19103F-16F7-4668-BE54-9A1E7A4F7556}") = "ifelse", "basen\ifelse.csproj", "{FF2DF642-3DD3-4954-910E-ABCAE77EDCBE}"
EndProject
Project("{9A19103F-16F7-4668-BE54-9A1E7A4F7556}") = "InterfejsyS336", "InterfejsyS336\InterfejsyS336.csproj", "{5F56ED24-8B09-4380-A562-C7EE22D616DB}"
EndProject
Project("{FAE04EC0-301F-11D3-BF4B-00C04F79EFBC}") = "PlanetMission", "PlanetMission\PlanetMission.csproj", "{A4D1C823-5817-42E1-8B39-6881907C33D2}"
EndProject
Project("{9A19103F-16F7-4668-BE54-9A1E7A4F7556}") = "Basen_S365", "Basen_S365\Basen_S365.csproj", "{1F31A3FE-F5AF-43F3-8108-2E3C07CD2CDA}"
EndProject
Project("{FAE04EC0-301F-11D3-BF4B-00C04F79EFBC}") = "ZbudujmyDom", "ZbudujmyDom\ZbudujmyDom.csproj", "{D295AEAD-9328-4B66-86D2-712794E4B590}"
EndProject
Project("{FAE04EC0-301F-11D3-BF4B-00C04F79EFBC}") = "TypyWylicz", "TypyWylicz\TypyWylicz.csproj", "{BC76EE4C-27BB-4152-8F6C-DF9DA95ACFB1}"
EndProject
Project("{FAE04EC0-301F-11D3-BF4B-00C04F79EFBC}") = "MagnesyStr400", "MagnesyStr400\MagnesyStr400.csproj", "{C4FCA248-8596-4D68-8118-7008A20CA6D1}"
EndProject
Project("{9A19103F-16F7-4668-BE54-9A1E7A4F7556}") = "ListaKaczkiStr403", "ListaKaczkiStr403\ListaKaczkiStr403.csproj", "{B28BD251-4B63-43B9-A1D2-9DFE7EAF8A02}"
EndProject
Project("{FAE04EC0-301F-11D3-BF4B-00C04F79EFBC}") = "NumeryKoszulekStr423", "NumeryKoszulekStr423\NumeryKoszulekStr423.csproj", "{A7F28877-A6F1-476B-9745-A2261FE5CF99}"
EndProject
Project("{FAE04EC0-301F-11D3-BF4B-00C04F79EFBC}") = "RybyStr424", "RybyStr424\RybyStr424.csproj", "{0944B4EA-5575-4912-A490-A1D9E67173BF}"
EndProject
Project("{FAE04EC0-301F-11D3-BF4B-00C04F79EFBC}") = "SniadanieDlaDrawliStr439", "SniadanieDlaDrawliStr439\SniadanieDlaDrawliStr439.csproj", "{A19F8EEA-624C-4F59-A825-B3DD6F93C693}"
EndProject
Project("{9A19103F-16F7-4668-BE54-9A1E7A4F7556}") = "MagnesyStreamWriter_Str447", "MagnesyStreamWriter_Str447\MagnesyStreamWriter_Str447.csproj", "{88C7D5BF-4820-49F1-8756-223DED0CB0E4}"
EndProject
Project("{9A19103F-16F7-4668-BE54-9A1E7A4F7556}") = "basenStr451", "basenStr451\basenStr451.csproj", "{9F866B6E-B6B1-449C-8200-233F25776DE8}"
EndProject
Project("{FAE04EC0-301F-11D3-BF4B-00C04F79EFBC}") = "WymowkiStr463", "WymowkiStr463\WymowkiStr463.csproj", "{AC2C326C-07AD-4773-8CD8-C1C1B14B744E}"
EndProject
Project("{9A19103F-16F7-4668-BE54-9A1E7A4F7556}") = "KanciarzStr446", "KanciarzStr446\KanciarzStr446.csproj", "{3422224B-373E-4038-8E78-97767B853CB3}"
EndProject
Project("{9A19103F-16F7-4668-BE54-9A1E7A4F7556}") = "ZapisOdczyt2ObiektówStr449", "ZapisOdczyt2ObiektówStr449\ZapisOdczyt2ObiektówStr449.csproj", "{F015336D-9B2B-477D-B450-AF745F749D5B}"
EndProject
Project("{FAE04EC0-301F-11D3-BF4B-00C04F79EFBC}") = "ZabawaStr477", "ZabawaStr477\ZabawaStr477.csproj", "{BDC2B798-1105-455C-8EBC-D96521854F67}"
EndProject
Project("{FAE04EC0-301F-11D3-BF4B-00C04F79EFBC}") = "UnicodeStr479", "Unicode\UnicodeStr479.csproj", "{29D2CA2E-151E-429C-B06F-A4EBEA3B7A87}"
EndProject
Project("{9A19103F-16F7-4668-BE54-9A1E7A4F7556}") = "BinaryWriterAStr481", "BinaryWriter\BinaryWriterAStr481.csproj", "{BA6039F2-88F3-4218-A095-E4F99DF8D44F}"
EndProject
Project("{9A19103F-16F7-4668-BE54-9A1E7A4F7556}") = "HexDumper", "HexDumper\HexDumper.csproj", "{D74BA2A8-B746-47B8-9CAC-5396635C565C}"
EndProject
Project("{FAE04EC0-301F-11D3-BF4B-00C04F79EFBC}") = "EdytorTekstu", "EdytorTekstu\EdytorTekstu.csproj", "{1CB45A68-03F2-40FD-8280-F47DF5637FC7}"
EndProject
Project("{FAE04EC0-301F-11D3-BF4B-00C04F79EFBC}") = "RybyWPFstr530", "RybyWPFstr530\RybyWPFstr530.csproj", "{9B1804B7-A73B-4ED8-B429-32AA77072C23}"
EndProject
Project("{FAE04EC0-301F-11D3-BF4B-00C04F79EFBC}") = "WyprawaStr496", "Wyprawa\WyprawaStr496.csproj", "{7D19DB6E-827B-4B7A-A70B-264EF3D6178E}"
EndProject
Project("{FAE04EC0-301F-11D3-BF4B-00C04F79EFBC}") = "SniadanieDlaDrawaliWPFStr538", "SniadanieDlaDrawaliWPFStr538\SniadanieDlaDrawaliWPFStr538.csproj", "{4BB9CC90-A932-4E1D-83A1-136EDC02D6B7}"
EndProject
Project("{FAE04EC0-301F-11D3-BF4B-00C04F79EFBC}") = "SystemZarzadzaniaUlemWPFStr538", "SystemZarzadzaniaUlemWPFStr538\SystemZarzadzaniaUlemWPFStr538.csproj", "{428FBFA1-8158-431F-A3A9-7724CE2B89D7}"
EndProject
Project("{FAE04EC0-301F-11D3-BF4B-00C04F79EFBC}") = "NiechlujnyJanekWPFStr546", "NiechlujnyJanekWPFStr546\NiechlujnyJanekWPFStr546.csproj", "{C938F0E2-A483-4FB5-A82C-D00AEC56F700}"
EndProject
Project("{FAE04EC0-301F-11D3-BF4B-00C04F79EFBC}") = "WpfAsyncSerializacjaStr569", "WpfAsyncSerializacjaStr569\WpfAsyncSerializacjaStr569.csproj", "{33D78D11-F863-4771-AB84-87D227575CB5}"
EndProject
Project("{FAE04EC0-301F-11D3-BF4B-00C04F79EFBC}") = "GuySerializacjaWpfStr582", "GuySerializacja\GuySerializacjaWpfStr582.csproj", "{2813DAFE-0AF7-44A1-BB97-88907D7B373F}"
EndProject
Project("{9A19103F-16F7-4668-BE54-9A1E7A4F7556}") = "BasenStr623", "BasenStr623\BasenStr623.csproj", "{1014A860-BCA2-4127-9494-6D4D0B1855FB}"
EndProject
Project("{9A19103F-16F7-4668-BE54-9A1E7A4F7556}") = "MagnesyStr629", "MagnesyStr629\MagnesyStr629.csproj", "{8B2B2554-0D06-4C44-9C31-FA8F25A9E8C9}"
EndProject
Project("{FAE04EC0-301F-11D3-BF4B-00C04F79EFBC}") = "KlonyRozdział13DisposeStr648", "KlonyRozdział13\KlonyRozdział13DisposeStr648.csproj", "{771D53F3-68E4-470C-8592-B46F8E37E4B6}"
EndProject
Project("{FAE04EC0-301F-11D3-BF4B-00C04F79EFBC}") = "KlonyStr651", "KlonyStr651\KlonyStr651.csproj", "{3AAE9CA0-BD0F-418F-9BDB-D34ACDF517E8}"
EndProject
Global
	GlobalSection(SolutionConfigurationPlatforms) = preSolution
		Debug|Any CPU = Debug|Any CPU
		Release|Any CPU = Release|Any CPU
	EndGlobalSection
	GlobalSection(ProjectConfigurationPlatforms) = postSolution
		{52333680-61AA-4C09-A36A-369F965898F1}.Debug|Any CPU.ActiveCfg = Debug|Any CPU
		{52333680-61AA-4C09-A36A-369F965898F1}.Debug|Any CPU.Build.0 = Debug|Any CPU
		{52333680-61AA-4C09-A36A-369F965898F1}.Release|Any CPU.ActiveCfg = Release|Any CPU
		{52333680-61AA-4C09-A36A-369F965898F1}.Release|Any CPU.Build.0 = Release|Any CPU
		{B1E4ADEF-CF1B-4C1E-957D-27D933AA1910}.Debug|Any CPU.ActiveCfg = Debug|Any CPU
		{B1E4ADEF-CF1B-4C1E-957D-27D933AA1910}.Debug|Any CPU.Build.0 = Debug|Any CPU
		{B1E4ADEF-CF1B-4C1E-957D-27D933AA1910}.Release|Any CPU.ActiveCfg = Release|Any CPU
		{B1E4ADEF-CF1B-4C1E-957D-27D933AA1910}.Release|Any CPU.Build.0 = Release|Any CPU
		{BF8E86CE-1F13-4671-9E92-CDED808F2135}.Debug|Any CPU.ActiveCfg = Debug|Any CPU
		{BF8E86CE-1F13-4671-9E92-CDED808F2135}.Debug|Any CPU.Build.0 = Debug|Any CPU
		{BF8E86CE-1F13-4671-9E92-CDED808F2135}.Release|Any CPU.ActiveCfg = Release|Any CPU
		{BF8E86CE-1F13-4671-9E92-CDED808F2135}.Release|Any CPU.Build.0 = Release|Any CPU
		{25FCF0FC-CF63-482D-B7DF-4D8F42223ECA}.Debug|Any CPU.ActiveCfg = Debug|Any CPU
		{25FCF0FC-CF63-482D-B7DF-4D8F42223ECA}.Debug|Any CPU.Build.0 = Debug|Any CPU
		{25FCF0FC-CF63-482D-B7DF-4D8F42223ECA}.Release|Any CPU.ActiveCfg = Release|Any CPU
		{25FCF0FC-CF63-482D-B7DF-4D8F42223ECA}.Release|Any CPU.Build.0 = Release|Any CPU
		{6CE9AE70-B434-44D2-A1C0-FFD54FE89690}.Debug|Any CPU.ActiveCfg = Debug|Any CPU
		{6CE9AE70-B434-44D2-A1C0-FFD54FE89690}.Debug|Any CPU.Build.0 = Debug|Any CPU
		{6CE9AE70-B434-44D2-A1C0-FFD54FE89690}.Release|Any CPU.ActiveCfg = Release|Any CPU
		{6CE9AE70-B434-44D2-A1C0-FFD54FE89690}.Release|Any CPU.Build.0 = Release|Any CPU
		{E1DDF800-020B-413E-858D-9FD61D2AEB7D}.Debug|Any CPU.ActiveCfg = Debug|Any CPU
		{E1DDF800-020B-413E-858D-9FD61D2AEB7D}.Debug|Any CPU.Build.0 = Debug|Any CPU
		{E1DDF800-020B-413E-858D-9FD61D2AEB7D}.Release|Any CPU.ActiveCfg = Release|Any CPU
		{E1DDF800-020B-413E-858D-9FD61D2AEB7D}.Release|Any CPU.Build.0 = Release|Any CPU
		{AAEC68A7-DB69-43B9-8ABB-0C85EA2FC522}.Debug|Any CPU.ActiveCfg = Debug|Any CPU
		{AAEC68A7-DB69-43B9-8ABB-0C85EA2FC522}.Debug|Any CPU.Build.0 = Debug|Any CPU
		{AAEC68A7-DB69-43B9-8ABB-0C85EA2FC522}.Release|Any CPU.ActiveCfg = Release|Any CPU
		{AAEC68A7-DB69-43B9-8ABB-0C85EA2FC522}.Release|Any CPU.Build.0 = Release|Any CPU
		{41B0373A-EC63-41A0-8765-AB585244F3F3}.Debug|Any CPU.ActiveCfg = Debug|Any CPU
		{41B0373A-EC63-41A0-8765-AB585244F3F3}.Debug|Any CPU.Build.0 = Debug|Any CPU
		{41B0373A-EC63-41A0-8765-AB585244F3F3}.Release|Any CPU.ActiveCfg = Release|Any CPU
		{41B0373A-EC63-41A0-8765-AB585244F3F3}.Release|Any CPU.Build.0 = Release|Any CPU
		{F8923E15-496C-4B0D-83DA-2A65E4E1E266}.Debug|Any CPU.ActiveCfg = Debug|Any CPU
		{F8923E15-496C-4B0D-83DA-2A65E4E1E266}.Debug|Any CPU.Build.0 = Debug|Any CPU
		{F8923E15-496C-4B0D-83DA-2A65E4E1E266}.Release|Any CPU.ActiveCfg = Release|Any CPU
		{F8923E15-496C-4B0D-83DA-2A65E4E1E266}.Release|Any CPU.Build.0 = Release|Any CPU
		{10A1BFB0-3C6D-45A7-8870-94EBE334192F}.Debug|Any CPU.ActiveCfg = Debug|Any CPU
		{10A1BFB0-3C6D-45A7-8870-94EBE334192F}.Debug|Any CPU.Build.0 = Debug|Any CPU
		{10A1BFB0-3C6D-45A7-8870-94EBE334192F}.Release|Any CPU.ActiveCfg = Release|Any CPU
		{10A1BFB0-3C6D-45A7-8870-94EBE334192F}.Release|Any CPU.Build.0 = Release|Any CPU
		{FD068A96-A035-42FE-B0A3-578602CE20B4}.Debug|Any CPU.ActiveCfg = Debug|Any CPU
		{FD068A96-A035-42FE-B0A3-578602CE20B4}.Debug|Any CPU.Build.0 = Debug|Any CPU
		{FD068A96-A035-42FE-B0A3-578602CE20B4}.Release|Any CPU.ActiveCfg = Release|Any CPU
		{FD068A96-A035-42FE-B0A3-578602CE20B4}.Release|Any CPU.Build.0 = Release|Any CPU
		{5E847AA2-7FBE-4421-B089-001101F225CF}.Debug|Any CPU.ActiveCfg = Debug|Any CPU
		{5E847AA2-7FBE-4421-B089-001101F225CF}.Debug|Any CPU.Build.0 = Debug|Any CPU
		{5E847AA2-7FBE-4421-B089-001101F225CF}.Release|Any CPU.ActiveCfg = Release|Any CPU
		{5E847AA2-7FBE-4421-B089-001101F225CF}.Release|Any CPU.Build.0 = Release|Any CPU
		{50582965-C849-4D33-87C7-12569A53CA9E}.Debug|Any CPU.ActiveCfg = Debug|Any CPU
		{50582965-C849-4D33-87C7-12569A53CA9E}.Debug|Any CPU.Build.0 = Debug|Any CPU
		{50582965-C849-4D33-87C7-12569A53CA9E}.Release|Any CPU.ActiveCfg = Release|Any CPU
		{50582965-C849-4D33-87C7-12569A53CA9E}.Release|Any CPU.Build.0 = Release|Any CPU
		{80D4D082-3B99-4383-AA67-7DDF23BA9774}.Debug|Any CPU.ActiveCfg = Debug|Any CPU
		{80D4D082-3B99-4383-AA67-7DDF23BA9774}.Debug|Any CPU.Build.0 = Debug|Any CPU
		{80D4D082-3B99-4383-AA67-7DDF23BA9774}.Release|Any CPU.ActiveCfg = Release|Any CPU
		{80D4D082-3B99-4383-AA67-7DDF23BA9774}.Release|Any CPU.Build.0 = Release|Any CPU
		{E9FAE2A6-24F2-4B60-B7B9-817385F031E4}.Debug|Any CPU.ActiveCfg = Debug|Any CPU
		{E9FAE2A6-24F2-4B60-B7B9-817385F031E4}.Debug|Any CPU.Build.0 = Debug|Any CPU
		{E9FAE2A6-24F2-4B60-B7B9-817385F031E4}.Release|Any CPU.ActiveCfg = Release|Any CPU
		{E9FAE2A6-24F2-4B60-B7B9-817385F031E4}.Release|Any CPU.Build.0 = Release|Any CPU
		{F360F00A-DAA0-4067-8FBA-4862B7242BE4}.Debug|Any CPU.ActiveCfg = Debug|Any CPU
		{F360F00A-DAA0-4067-8FBA-4862B7242BE4}.Debug|Any CPU.Build.0 = Debug|Any CPU
		{F360F00A-DAA0-4067-8FBA-4862B7242BE4}.Release|Any CPU.ActiveCfg = Release|Any CPU
		{F360F00A-DAA0-4067-8FBA-4862B7242BE4}.Release|Any CPU.Build.0 = Release|Any CPU
		{0D245CBA-A5F8-4232-ADE6-8619DD4EE044}.Debug|Any CPU.ActiveCfg = Debug|Any CPU
		{0D245CBA-A5F8-4232-ADE6-8619DD4EE044}.Debug|Any CPU.Build.0 = Debug|Any CPU
		{0D245CBA-A5F8-4232-ADE6-8619DD4EE044}.Release|Any CPU.ActiveCfg = Release|Any CPU
		{0D245CBA-A5F8-4232-ADE6-8619DD4EE044}.Release|Any CPU.Build.0 = Release|Any CPU
		{AD1A239F-1491-42BD-8A75-27AF6FA8A8B2}.Debug|Any CPU.ActiveCfg = Debug|Any CPU
		{AD1A239F-1491-42BD-8A75-27AF6FA8A8B2}.Debug|Any CPU.Build.0 = Debug|Any CPU
		{AD1A239F-1491-42BD-8A75-27AF6FA8A8B2}.Release|Any CPU.ActiveCfg = Release|Any CPU
		{AD1A239F-1491-42BD-8A75-27AF6FA8A8B2}.Release|Any CPU.Build.0 = Release|Any CPU
		{FF2DF642-3DD3-4954-910E-ABCAE77EDCBE}.Debug|Any CPU.ActiveCfg = Debug|Any CPU
		{FF2DF642-3DD3-4954-910E-ABCAE77EDCBE}.Debug|Any CPU.Build.0 = Debug|Any CPU
		{FF2DF642-3DD3-4954-910E-ABCAE77EDCBE}.Release|Any CPU.ActiveCfg = Release|Any CPU
		{FF2DF642-3DD3-4954-910E-ABCAE77EDCBE}.Release|Any CPU.Build.0 = Release|Any CPU
		{5F56ED24-8B09-4380-A562-C7EE22D616DB}.Debug|Any CPU.ActiveCfg = Debug|Any CPU
		{5F56ED24-8B09-4380-A562-C7EE22D616DB}.Debug|Any CPU.Build.0 = Debug|Any CPU
		{5F56ED24-8B09-4380-A562-C7EE22D616DB}.Release|Any CPU.ActiveCfg = Release|Any CPU
		{5F56ED24-8B09-4380-A562-C7EE22D616DB}.Release|Any CPU.Build.0 = Release|Any CPU
		{A4D1C823-5817-42E1-8B39-6881907C33D2}.Debug|Any CPU.ActiveCfg = Debug|Any CPU
		{A4D1C823-5817-42E1-8B39-6881907C33D2}.Debug|Any CPU.Build.0 = Debug|Any CPU
		{A4D1C823-5817-42E1-8B39-6881907C33D2}.Release|Any CPU.ActiveCfg = Release|Any CPU
		{A4D1C823-5817-42E1-8B39-6881907C33D2}.Release|Any CPU.Build.0 = Release|Any CPU
		{1F31A3FE-F5AF-43F3-8108-2E3C07CD2CDA}.Debug|Any CPU.ActiveCfg = Debug|Any CPU
		{1F31A3FE-F5AF-43F3-8108-2E3C07CD2CDA}.Debug|Any CPU.Build.0 = Debug|Any CPU
		{1F31A3FE-F5AF-43F3-8108-2E3C07CD2CDA}.Release|Any CPU.ActiveCfg = Release|Any CPU
		{1F31A3FE-F5AF-43F3-8108-2E3C07CD2CDA}.Release|Any CPU.Build.0 = Release|Any CPU
		{D295AEAD-9328-4B66-86D2-712794E4B590}.Debug|Any CPU.ActiveCfg = Debug|Any CPU
		{D295AEAD-9328-4B66-86D2-712794E4B590}.Debug|Any CPU.Build.0 = Debug|Any CPU
		{D295AEAD-9328-4B66-86D2-712794E4B590}.Release|Any CPU.ActiveCfg = Release|Any CPU
		{D295AEAD-9328-4B66-86D2-712794E4B590}.Release|Any CPU.Build.0 = Release|Any CPU
		{BC76EE4C-27BB-4152-8F6C-DF9DA95ACFB1}.Debug|Any CPU.ActiveCfg = Debug|Any CPU
		{BC76EE4C-27BB-4152-8F6C-DF9DA95ACFB1}.Debug|Any CPU.Build.0 = Debug|Any CPU
		{BC76EE4C-27BB-4152-8F6C-DF9DA95ACFB1}.Release|Any CPU.ActiveCfg = Release|Any CPU
		{BC76EE4C-27BB-4152-8F6C-DF9DA95ACFB1}.Release|Any CPU.Build.0 = Release|Any CPU
		{C4FCA248-8596-4D68-8118-7008A20CA6D1}.Debug|Any CPU.ActiveCfg = Debug|Any CPU
		{C4FCA248-8596-4D68-8118-7008A20CA6D1}.Debug|Any CPU.Build.0 = Debug|Any CPU
		{C4FCA248-8596-4D68-8118-7008A20CA6D1}.Release|Any CPU.ActiveCfg = Release|Any CPU
		{C4FCA248-8596-4D68-8118-7008A20CA6D1}.Release|Any CPU.Build.0 = Release|Any CPU
		{B28BD251-4B63-43B9-A1D2-9DFE7EAF8A02}.Debug|Any CPU.ActiveCfg = Debug|Any CPU
		{B28BD251-4B63-43B9-A1D2-9DFE7EAF8A02}.Debug|Any CPU.Build.0 = Debug|Any CPU
		{B28BD251-4B63-43B9-A1D2-9DFE7EAF8A02}.Release|Any CPU.ActiveCfg = Release|Any CPU
		{B28BD251-4B63-43B9-A1D2-9DFE7EAF8A02}.Release|Any CPU.Build.0 = Release|Any CPU
		{A7F28877-A6F1-476B-9745-A2261FE5CF99}.Debug|Any CPU.ActiveCfg = Debug|Any CPU
		{A7F28877-A6F1-476B-9745-A2261FE5CF99}.Debug|Any CPU.Build.0 = Debug|Any CPU
		{A7F28877-A6F1-476B-9745-A2261FE5CF99}.Release|Any CPU.ActiveCfg = Release|Any CPU
		{A7F28877-A6F1-476B-9745-A2261FE5CF99}.Release|Any CPU.Build.0 = Release|Any CPU
		{0944B4EA-5575-4912-A490-A1D9E67173BF}.Debug|Any CPU.ActiveCfg = Debug|Any CPU
		{0944B4EA-5575-4912-A490-A1D9E67173BF}.Debug|Any CPU.Build.0 = Debug|Any CPU
		{0944B4EA-5575-4912-A490-A1D9E67173BF}.Release|Any CPU.ActiveCfg = Release|Any CPU
		{0944B4EA-5575-4912-A490-A1D9E67173BF}.Release|Any CPU.Build.0 = Release|Any CPU
		{A19F8EEA-624C-4F59-A825-B3DD6F93C693}.Debug|Any CPU.ActiveCfg = Debug|Any CPU
		{A19F8EEA-624C-4F59-A825-B3DD6F93C693}.Debug|Any CPU.Build.0 = Debug|Any CPU
		{A19F8EEA-624C-4F59-A825-B3DD6F93C693}.Release|Any CPU.ActiveCfg = Release|Any CPU
		{A19F8EEA-624C-4F59-A825-B3DD6F93C693}.Release|Any CPU.Build.0 = Release|Any CPU
		{88C7D5BF-4820-49F1-8756-223DED0CB0E4}.Debug|Any CPU.ActiveCfg = Debug|Any CPU
		{88C7D5BF-4820-49F1-8756-223DED0CB0E4}.Debug|Any CPU.Build.0 = Debug|Any CPU
		{88C7D5BF-4820-49F1-8756-223DED0CB0E4}.Release|Any CPU.ActiveCfg = Release|Any CPU
		{88C7D5BF-4820-49F1-8756-223DED0CB0E4}.Release|Any CPU.Build.0 = Release|Any CPU
		{9F866B6E-B6B1-449C-8200-233F25776DE8}.Debug|Any CPU.ActiveCfg = Debug|Any CPU
		{9F866B6E-B6B1-449C-8200-233F25776DE8}.Debug|Any CPU.Build.0 = Debug|Any CPU
		{9F866B6E-B6B1-449C-8200-233F25776DE8}.Release|Any CPU.ActiveCfg = Release|Any CPU
		{9F866B6E-B6B1-449C-8200-233F25776DE8}.Release|Any CPU.Build.0 = Release|Any CPU
		{AC2C326C-07AD-4773-8CD8-C1C1B14B744E}.Debug|Any CPU.ActiveCfg = Debug|Any CPU
		{AC2C326C-07AD-4773-8CD8-C1C1B14B744E}.Debug|Any CPU.Build.0 = Debug|Any CPU
		{AC2C326C-07AD-4773-8CD8-C1C1B14B744E}.Release|Any CPU.ActiveCfg = Release|Any CPU
		{AC2C326C-07AD-4773-8CD8-C1C1B14B744E}.Release|Any CPU.Build.0 = Release|Any CPU
		{3422224B-373E-4038-8E78-97767B853CB3}.Debug|Any CPU.ActiveCfg = Debug|Any CPU
		{3422224B-373E-4038-8E78-97767B853CB3}.Debug|Any CPU.Build.0 = Debug|Any CPU
		{3422224B-373E-4038-8E78-97767B853CB3}.Release|Any CPU.ActiveCfg = Release|Any CPU
		{3422224B-373E-4038-8E78-97767B853CB3}.Release|Any CPU.Build.0 = Release|Any CPU
		{F015336D-9B2B-477D-B450-AF745F749D5B}.Debug|Any CPU.ActiveCfg = Debug|Any CPU
		{F015336D-9B2B-477D-B450-AF745F749D5B}.Debug|Any CPU.Build.0 = Debug|Any CPU
		{F015336D-9B2B-477D-B450-AF745F749D5B}.Release|Any CPU.ActiveCfg = Release|Any CPU
		{F015336D-9B2B-477D-B450-AF745F749D5B}.Release|Any CPU.Build.0 = Release|Any CPU
		{BDC2B798-1105-455C-8EBC-D96521854F67}.Debug|Any CPU.ActiveCfg = Debug|Any CPU
		{BDC2B798-1105-455C-8EBC-D96521854F67}.Debug|Any CPU.Build.0 = Debug|Any CPU
		{BDC2B798-1105-455C-8EBC-D96521854F67}.Release|Any CPU.ActiveCfg = Release|Any CPU
		{BDC2B798-1105-455C-8EBC-D96521854F67}.Release|Any CPU.Build.0 = Release|Any CPU
		{29D2CA2E-151E-429C-B06F-A4EBEA3B7A87}.Debug|Any CPU.ActiveCfg = Debug|Any CPU
		{29D2CA2E-151E-429C-B06F-A4EBEA3B7A87}.Debug|Any CPU.Build.0 = Debug|Any CPU
		{29D2CA2E-151E-429C-B06F-A4EBEA3B7A87}.Release|Any CPU.ActiveCfg = Release|Any CPU
		{29D2CA2E-151E-429C-B06F-A4EBEA3B7A87}.Release|Any CPU.Build.0 = Release|Any CPU
		{BA6039F2-88F3-4218-A095-E4F99DF8D44F}.Debug|Any CPU.ActiveCfg = Debug|Any CPU
		{BA6039F2-88F3-4218-A095-E4F99DF8D44F}.Debug|Any CPU.Build.0 = Debug|Any CPU
		{BA6039F2-88F3-4218-A095-E4F99DF8D44F}.Release|Any CPU.ActiveCfg = Release|Any CPU
		{BA6039F2-88F3-4218-A095-E4F99DF8D44F}.Release|Any CPU.Build.0 = Release|Any CPU
		{D74BA2A8-B746-47B8-9CAC-5396635C565C}.Debug|Any CPU.ActiveCfg = Debug|Any CPU
		{D74BA2A8-B746-47B8-9CAC-5396635C565C}.Debug|Any CPU.Build.0 = Debug|Any CPU
		{D74BA2A8-B746-47B8-9CAC-5396635C565C}.Release|Any CPU.ActiveCfg = Release|Any CPU
		{D74BA2A8-B746-47B8-9CAC-5396635C565C}.Release|Any CPU.Build.0 = Release|Any CPU
		{1CB45A68-03F2-40FD-8280-F47DF5637FC7}.Debug|Any CPU.ActiveCfg = Debug|Any CPU
		{1CB45A68-03F2-40FD-8280-F47DF5637FC7}.Debug|Any CPU.Build.0 = Debug|Any CPU
		{1CB45A68-03F2-40FD-8280-F47DF5637FC7}.Release|Any CPU.ActiveCfg = Release|Any CPU
		{1CB45A68-03F2-40FD-8280-F47DF5637FC7}.Release|Any CPU.Build.0 = Release|Any CPU
		{9B1804B7-A73B-4ED8-B429-32AA77072C23}.Debug|Any CPU.ActiveCfg = Debug|Any CPU
		{9B1804B7-A73B-4ED8-B429-32AA77072C23}.Debug|Any CPU.Build.0 = Debug|Any CPU
		{9B1804B7-A73B-4ED8-B429-32AA77072C23}.Release|Any CPU.ActiveCfg = Release|Any CPU
		{9B1804B7-A73B-4ED8-B429-32AA77072C23}.Release|Any CPU.Build.0 = Release|Any CPU
		{7D19DB6E-827B-4B7A-A70B-264EF3D6178E}.Debug|Any CPU.ActiveCfg = Debug|Any CPU
		{7D19DB6E-827B-4B7A-A70B-264EF3D6178E}.Debug|Any CPU.Build.0 = Debug|Any CPU
		{7D19DB6E-827B-4B7A-A70B-264EF3D6178E}.Release|Any CPU.ActiveCfg = Release|Any CPU
		{7D19DB6E-827B-4B7A-A70B-264EF3D6178E}.Release|Any CPU.Build.0 = Release|Any CPU
		{4BB9CC90-A932-4E1D-83A1-136EDC02D6B7}.Debug|Any CPU.ActiveCfg = Debug|Any CPU
		{4BB9CC90-A932-4E1D-83A1-136EDC02D6B7}.Debug|Any CPU.Build.0 = Debug|Any CPU
		{4BB9CC90-A932-4E1D-83A1-136EDC02D6B7}.Release|Any CPU.ActiveCfg = Release|Any CPU
		{4BB9CC90-A932-4E1D-83A1-136EDC02D6B7}.Release|Any CPU.Build.0 = Release|Any CPU
		{428FBFA1-8158-431F-A3A9-7724CE2B89D7}.Debug|Any CPU.ActiveCfg = Debug|Any CPU
		{428FBFA1-8158-431F-A3A9-7724CE2B89D7}.Debug|Any CPU.Build.0 = Debug|Any CPU
		{428FBFA1-8158-431F-A3A9-7724CE2B89D7}.Release|Any CPU.ActiveCfg = Release|Any CPU
		{428FBFA1-8158-431F-A3A9-7724CE2B89D7}.Release|Any CPU.Build.0 = Release|Any CPU
		{C938F0E2-A483-4FB5-A82C-D00AEC56F700}.Debug|Any CPU.ActiveCfg = Debug|Any CPU
		{C938F0E2-A483-4FB5-A82C-D00AEC56F700}.Debug|Any CPU.Build.0 = Debug|Any CPU
		{C938F0E2-A483-4FB5-A82C-D00AEC56F700}.Release|Any CPU.ActiveCfg = Release|Any CPU
		{C938F0E2-A483-4FB5-A82C-D00AEC56F700}.Release|Any CPU.Build.0 = Release|Any CPU
		{33D78D11-F863-4771-AB84-87D227575CB5}.Debug|Any CPU.ActiveCfg = Debug|Any CPU
		{33D78D11-F863-4771-AB84-87D227575CB5}.Debug|Any CPU.Build.0 = Debug|Any CPU
		{33D78D11-F863-4771-AB84-87D227575CB5}.Release|Any CPU.ActiveCfg = Release|Any CPU
		{33D78D11-F863-4771-AB84-87D227575CB5}.Release|Any CPU.Build.0 = Release|Any CPU
		{2813DAFE-0AF7-44A1-BB97-88907D7B373F}.Debug|Any CPU.ActiveCfg = Debug|Any CPU
		{2813DAFE-0AF7-44A1-BB97-88907D7B373F}.Debug|Any CPU.Build.0 = Debug|Any CPU
		{2813DAFE-0AF7-44A1-BB97-88907D7B373F}.Release|Any CPU.ActiveCfg = Release|Any CPU
		{2813DAFE-0AF7-44A1-BB97-88907D7B373F}.Release|Any CPU.Build.0 = Release|Any CPU
		{1014A860-BCA2-4127-9494-6D4D0B1855FB}.Debug|Any CPU.ActiveCfg = Debug|Any CPU
		{1014A860-BCA2-4127-9494-6D4D0B1855FB}.Debug|Any CPU.Build.0 = Debug|Any CPU
		{1014A860-BCA2-4127-9494-6D4D0B1855FB}.Release|Any CPU.ActiveCfg = Release|Any CPU
		{1014A860-BCA2-4127-9494-6D4D0B1855FB}.Release|Any CPU.Build.0 = Release|Any CPU
		{8B2B2554-0D06-4C44-9C31-FA8F25A9E8C9}.Debug|Any CPU.ActiveCfg = Debug|Any CPU
		{8B2B2554-0D06-4C44-9C31-FA8F25A9E8C9}.Debug|Any CPU.Build.0 = Debug|Any CPU
		{8B2B2554-0D06-4C44-9C31-FA8F25A9E8C9}.Release|Any CPU.ActiveCfg = Release|Any CPU
		{8B2B2554-0D06-4C44-9C31-FA8F25A9E8C9}.Release|Any CPU.Build.0 = Release|Any CPU
		{771D53F3-68E4-470C-8592-B46F8E37E4B6}.Debug|Any CPU.ActiveCfg = Debug|Any CPU
		{771D53F3-68E4-470C-8592-B46F8E37E4B6}.Debug|Any CPU.Build.0 = Debug|Any CPU
		{771D53F3-68E4-470C-8592-B46F8E37E4B6}.Release|Any CPU.ActiveCfg = Release|Any CPU
		{771D53F3-68E4-470C-8592-B46F8E37E4B6}.Release|Any CPU.Build.0 = Release|Any CPU
		{3AAE9CA0-BD0F-418F-9BDB-D34ACDF517E8}.Debug|Any CPU.ActiveCfg = Debug|Any CPU
		{3AAE9CA0-BD0F-418F-9BDB-D34ACDF517E8}.Debug|Any CPU.Build.0 = Debug|Any CPU
		{3AAE9CA0-BD0F-418F-9BDB-D34ACDF517E8}.Release|Any CPU.ActiveCfg = Release|Any CPU
		{3AAE9CA0-BD0F-418F-9BDB-D34ACDF517E8}.Release|Any CPU.Build.0 = Release|Any CPU
	EndGlobalSection
	GlobalSection(SolutionProperties) = preSolution
		HideSolutionNode = FALSE
	EndGlobalSection
	GlobalSection(ExtensibilityGlobals) = postSolution
		SolutionGuid = {7D40ADAB-D270-473B-983E-CD1FFCD4FC0B}
	EndGlobalSection
EndGlobal
